// !$*UTF8*$!
{
	archiveVersion = 1;
	classes = {
	};
	objectVersion = 44;
	objects = {

/* Begin PBXBuildFile section */
		8D11072B0486CEB800E47090 /* InfoPlist.strings in Resources */ = {isa = PBXBuildFile; fileRef = 089C165CFE840E0CC02AAC07 /* InfoPlist.strings */; };
		8D11072D0486CEB800E47090 /* main.m in Sources */ = {isa = PBXBuildFile; fileRef = 29B97316FDCFA39411CA2CEA /* main.m */; settings = {ATTRIBUTES = (); }; };
		8D11072F0486CEB800E47090 /* Cocoa.framework in Frameworks */ = {isa = PBXBuildFile; fileRef = 1058C7A1FEA54F0111CA2CBB /* Cocoa.framework */; };
		F9105FD50D8DE6D200AC32D1 /* FVImageBuffer.m in Sources */ = {isa = PBXBuildFile; fileRef = F9105FD40D8DE6D200AC32D1 /* FVImageBuffer.m */; };
		F91ED7940F9F72980015A608 /* fv_zone.cpp in Sources */ = {isa = PBXBuildFile; fileRef = F91ED7920F9F72980015A608 /* fv_zone.cpp */; };
		F92AB6380DCCE6B100F82452 /* MainMenu.xib in Resources */ = {isa = PBXBuildFile; fileRef = F92AB6360DCCE6B100F82452 /* MainMenu.xib */; };
		F92ABB690DCE2D3100F82452 /* FVImageView.m in Sources */ = {isa = PBXBuildFile; fileRef = F92ABB680DCE2D3100F82452 /* FVImageView.m */; };
		F99C0A950E1EC5E4003255C7 /* Debug.xcconfig in Resources */ = {isa = PBXBuildFile; fileRef = F99C0A930E1EC5E4003255C7 /* Debug.xcconfig */; };
		F99C0A960E1EC5E4003255C7 /* Release.xcconfig in Resources */ = {isa = PBXBuildFile; fileRef = F99C0A940E1EC5E4003255C7 /* Release.xcconfig */; };
		F9A812AC0D862CBB000114B0 /* Accelerate.framework in Frameworks */ = {isa = PBXBuildFile; fileRef = F9A812AB0D862CBB000114B0 /* Accelerate.framework */; };
		F9A812B60D862CD1000114B0 /* FVCGImageUtilities.mm in Sources */ = {isa = PBXBuildFile; fileRef = F9A812B50D862CD1000114B0 /* FVCGImageUtilities.mm */; };
		F9A812B90D862CE6000114B0 /* Controller.m in Sources */ = {isa = PBXBuildFile; fileRef = F9A812B80D862CE6000114B0 /* Controller.m */; };
		F9A812E70D863113000114B0 /* FVBitmapContext.m in Sources */ = {isa = PBXBuildFile; fileRef = F9A812E40D863113000114B0 /* FVBitmapContext.m */; };
		F9A812E80D863113000114B0 /* FVUtilities.m in Sources */ = {isa = PBXBuildFile; fileRef = F9A812E60D863113000114B0 /* FVUtilities.m */; };
		F9A812EF0D863140000114B0 /* libz.dylib in Frameworks */ = {isa = PBXBuildFile; fileRef = F9A812EE0D863140000114B0 /* libz.dylib */; };
		F9EAE5C30E5106C600143F22 /* FVAllocator.m in Sources */ = {isa = PBXBuildFile; fileRef = F9EAE5C00E5106C600143F22 /* FVAllocator.m */; };
		F9EAE5C40E5106C600143F22 /* FVObject.m in Sources */ = {isa = PBXBuildFile; fileRef = F9EAE5C20E5106C600143F22 /* FVObject.m */; };
/* End PBXBuildFile section */

/* Begin PBXFileReference section */
		089C165DFE840E0CC02AAC07 /* English */ = {isa = PBXFileReference; fileEncoding = 10; lastKnownFileType = text.plist.strings; name = English; path = English.lproj/InfoPlist.strings; sourceTree = "<group>"; };
		1058C7A1FEA54F0111CA2CBB /* Cocoa.framework */ = {isa = PBXFileReference; lastKnownFileType = wrapper.framework; name = Cocoa.framework; path = /System/Library/Frameworks/Cocoa.framework; sourceTree = "<absolute>"; };
		13E42FB307B3F0F600E4EEF1 /* CoreData.framework */ = {isa = PBXFileReference; lastKnownFileType = wrapper.framework; name = CoreData.framework; path = /System/Library/Frameworks/CoreData.framework; sourceTree = "<absolute>"; };
		29B97316FDCFA39411CA2CEA /* main.m */ = {isa = PBXFileReference; fileEncoding = 4; lastKnownFileType = sourcecode.c.objc; path = main.m; sourceTree = "<group>"; };
		29B97324FDCFA39411CA2CEA /* AppKit.framework */ = {isa = PBXFileReference; lastKnownFileType = wrapper.framework; name = AppKit.framework; path = /System/Library/Frameworks/AppKit.framework; sourceTree = "<absolute>"; };
		29B97325FDCFA39411CA2CEA /* Foundation.framework */ = {isa = PBXFileReference; lastKnownFileType = wrapper.framework; name = Foundation.framework; path = /System/Library/Frameworks/Foundation.framework; sourceTree = "<absolute>"; };
		32CA4F630368D1EE00C91783 /* FileView_Prefix.pch */ = {isa = PBXFileReference; fileEncoding = 4; lastKnownFileType = sourcecode.c.h; name = FileView_Prefix.pch; path = ../FileView_Prefix.pch; sourceTree = "<group>"; };
		8D1107310486CEB800E47090 /* Info.plist */ = {isa = PBXFileReference; fileEncoding = 4; lastKnownFileType = text.plist.xml; path = Info.plist; sourceTree = "<group>"; };
		8D1107320486CEB800E47090 /* ImageShear.app */ = {isa = PBXFileReference; explicitFileType = wrapper.application; includeInIndex = 0; path = ImageShear.app; sourceTree = BUILT_PRODUCTS_DIR; };
		F9105FD30D8DE6D200AC32D1 /* FVImageBuffer.h */ = {isa = PBXFileReference; fileEncoding = 4; lastKnownFileType = sourcecode.c.h; name = FVImageBuffer.h; path = ../FVImageBuffer.h; sourceTree = "<group>"; };
		F9105FD40D8DE6D200AC32D1 /* FVImageBuffer.m */ = {isa = PBXFileReference; fileEncoding = 4; lastKnownFileType = sourcecode.c.objc; name = FVImageBuffer.m; path = ../FVImageBuffer.m; sourceTree = "<group>"; };
		F91ED7920F9F72980015A608 /* fv_zone.cpp */ = {isa = PBXFileReference; fileEncoding = 4; lastKnownFileType = sourcecode.cpp.cpp; name = fv_zone.cpp; path = ../fv_zone.cpp; sourceTree = SOURCE_ROOT; };
		F91ED7930F9F72980015A608 /* fv_zone.h */ = {isa = PBXFileReference; fileEncoding = 4; lastKnownFileType = sourcecode.c.h; name = fv_zone.h; path = ../fv_zone.h; sourceTree = SOURCE_ROOT; };
		F92AB6370DCCE6B100F82452 /* English */ = {isa = PBXFileReference; lastKnownFileType = file.xib; name = English; path = English.lproj/MainMenu.xib; sourceTree = "<group>"; };
		F92ABB670DCE2D3100F82452 /* FVImageView.h */ = {isa = PBXFileReference; fileEncoding = 4; lastKnownFileType = sourcecode.c.h; path = FVImageView.h; sourceTree = "<group>"; };
		F92ABB680DCE2D3100F82452 /* FVImageView.m */ = {isa = PBXFileReference; fileEncoding = 4; lastKnownFileType = sourcecode.c.objc; path = FVImageView.m; sourceTree = "<group>"; };
		F99C0A930E1EC5E4003255C7 /* Debug.xcconfig */ = {isa = PBXFileReference; fileEncoding = 4; lastKnownFileType = text.xcconfig; name = Debug.xcconfig; path = ../Configurations/Debug.xcconfig; sourceTree = "<group>"; };
		F99C0A940E1EC5E4003255C7 /* Release.xcconfig */ = {isa = PBXFileReference; fileEncoding = 4; lastKnownFileType = text.xcconfig; name = Release.xcconfig; path = ../Configurations/Release.xcconfig; sourceTree = "<group>"; };
		F9A812AB0D862CBB000114B0 /* Accelerate.framework */ = {isa = PBXFileReference; lastKnownFileType = wrapper.framework; name = Accelerate.framework; path = /System/Library/Frameworks/Accelerate.framework; sourceTree = "<absolute>"; };
		F9A812B40D862CD1000114B0 /* FVCGImageUtilities.h */ = {isa = PBXFileReference; fileEncoding = 4; lastKnownFileType = sourcecode.c.h; name = FVCGImageUtilities.h; path = ../FVCGImageUtilities.h; sourceTree = "<group>"; };
		F9A812B50D862CD1000114B0 /* FVCGImageUtilities.mm */ = {isa = PBXFileReference; fileEncoding = 4; lastKnownFileType = sourcecode.cpp.objcpp; name = FVCGImageUtilities.mm; path = ../FVCGImageUtilities.mm; sourceTree = "<group>"; };
		F9A812B70D862CE6000114B0 /* Controller.h */ = {isa = PBXFileReference; fileEncoding = 4; lastKnownFileType = sourcecode.c.h; path = Controller.h; sourceTree = "<group>"; };
		F9A812B80D862CE6000114B0 /* Controller.m */ = {isa = PBXFileReference; fileEncoding = 4; lastKnownFileType = sourcecode.c.objc; path = Controller.m; sourceTree = "<group>"; };
		F9A812E30D863113000114B0 /* FVBitmapContext.h */ = {isa = PBXFileReference; fileEncoding = 4; lastKnownFileType = sourcecode.c.h; name = FVBitmapContext.h; path = ../FVBitmapContext.h; sourceTree = "<group>"; };
		F9A812E40D863113000114B0 /* FVBitmapContext.m */ = {isa = PBXFileReference; fileEncoding = 4; lastKnownFileType = sourcecode.c.objc; name = FVBitmapContext.m; path = ../FVBitmapContext.m; sourceTree = "<group>"; };
		F9A812E50D863113000114B0 /* FVUtilities.h */ = {isa = PBXFileReference; fileEncoding = 4; lastKnownFileType = sourcecode.c.h; name = FVUtilities.h; path = ../FVUtilities.h; sourceTree = "<group>"; };
		F9A812E60D863113000114B0 /* FVUtilities.m */ = {isa = PBXFileReference; fileEncoding = 4; lastKnownFileType = sourcecode.c.objc; name = FVUtilities.m; path = ../FVUtilities.m; sourceTree = "<group>"; };
		F9A812EE0D863140000114B0 /* libz.dylib */ = {isa = PBXFileReference; lastKnownFileType = "compiled.mach-o.dylib"; name = libz.dylib; path = /usr/lib/libz.dylib; sourceTree = "<absolute>"; };
		F9EAE5BF0E5106C600143F22 /* FVAllocator.h */ = {isa = PBXFileReference; fileEncoding = 4; lastKnownFileType = sourcecode.c.h; name = FVAllocator.h; path = ../FVAllocator.h; sourceTree = SOURCE_ROOT; };
		F9EAE5C00E5106C600143F22 /* FVAllocator.m */ = {isa = PBXFileReference; fileEncoding = 4; lastKnownFileType = sourcecode.c.objc; name = FVAllocator.m; path = ../FVAllocator.m; sourceTree = SOURCE_ROOT; };
		F9EAE5C10E5106C600143F22 /* FVObject.h */ = {isa = PBXFileReference; fileEncoding = 4; lastKnownFileType = sourcecode.c.h; name = FVObject.h; path = ../FVObject.h; sourceTree = SOURCE_ROOT; };
		F9EAE5C20E5106C600143F22 /* FVObject.m */ = {isa = PBXFileReference; fileEncoding = 4; lastKnownFileType = sourcecode.c.objc; name = FVObject.m; path = ../FVObject.m; sourceTree = SOURCE_ROOT; };
/* End PBXFileReference section */

/* Begin PBXFrameworksBuildPhase section */
		8D11072E0486CEB800E47090 /* Frameworks */ = {
			isa = PBXFrameworksBuildPhase;
			buildActionMask = 2147483647;
			files = (
				8D11072F0486CEB800E47090 /* Cocoa.framework in Frameworks */,
				F9A812AC0D862CBB000114B0 /* Accelerate.framework in Frameworks */,
				F9A812EF0D863140000114B0 /* libz.dylib in Frameworks */,
			);
			runOnlyForDeploymentPostprocessing = 0;
		};
/* End PBXFrameworksBuildPhase section */

/* Begin PBXGroup section */
		080E96DDFE201D6D7F000001 /* Classes */ = {
			isa = PBXGroup;
			children = (
				F91ED7920F9F72980015A608 /* fv_zone.cpp */,
				F91ED7930F9F72980015A608 /* fv_zone.h */,
				F92ABB6E0DCE2DB600F82452 /* FileView classes */,
				F9A812B70D862CE6000114B0 /* Controller.h */,
				F9A812B80D862CE6000114B0 /* Controller.m */,
				F92ABB670DCE2D3100F82452 /* FVImageView.h */,
				F92ABB680DCE2D3100F82452 /* FVImageView.m */,
			);
			name = Classes;
			sourceTree = "<group>";
		};
		1058C7A0FEA54F0111CA2CBB /* Linked Frameworks */ = {
			isa = PBXGroup;
			children = (
				1058C7A1FEA54F0111CA2CBB /* Cocoa.framework */,
			);
			name = "Linked Frameworks";
			sourceTree = "<group>";
		};
		1058C7A2FEA54F0111CA2CBB /* Other Frameworks */ = {
			isa = PBXGroup;
			children = (
				29B97324FDCFA39411CA2CEA /* AppKit.framework */,
				13E42FB307B3F0F600E4EEF1 /* CoreData.framework */,
				29B97325FDCFA39411CA2CEA /* Foundation.framework */,
			);
			name = "Other Frameworks";
			sourceTree = "<group>";
		};
		19C28FACFE9D520D11CA2CBB /* Products */ = {
			isa = PBXGroup;
			children = (
				8D1107320486CEB800E47090 /* ImageShear.app */,
			);
			name = Products;
			sourceTree = "<group>";
		};
		29B97314FDCFA39411CA2CEA /* ImageShear */ = {
			isa = PBXGroup;
			children = (
				F99C0A930E1EC5E4003255C7 /* Debug.xcconfig */,
				F99C0A940E1EC5E4003255C7 /* Release.xcconfig */,
				080E96DDFE201D6D7F000001 /* Classes */,
				29B97315FDCFA39411CA2CEA /* Other Sources */,
				29B97317FDCFA39411CA2CEA /* Resources */,
				29B97323FDCFA39411CA2CEA /* Frameworks */,
				19C28FACFE9D520D11CA2CBB /* Products */,
			);
			name = ImageShear;
			sourceTree = "<group>";
		};
		29B97315FDCFA39411CA2CEA /* Other Sources */ = {
			isa = PBXGroup;
			children = (
				32CA4F630368D1EE00C91783 /* FileView_Prefix.pch */,
				29B97316FDCFA39411CA2CEA /* main.m */,
			);
			name = "Other Sources";
			sourceTree = "<group>";
		};
		29B97317FDCFA39411CA2CEA /* Resources */ = {
			isa = PBXGroup;
			children = (
				F92AB6360DCCE6B100F82452 /* MainMenu.xib */,
				8D1107310486CEB800E47090 /* Info.plist */,
				089C165CFE840E0CC02AAC07 /* InfoPlist.strings */,
			);
			name = Resources;
			sourceTree = "<group>";
		};
		29B97323FDCFA39411CA2CEA /* Frameworks */ = {
			isa = PBXGroup;
			children = (
				F9A812EE0D863140000114B0 /* libz.dylib */,
				F9A812AB0D862CBB000114B0 /* Accelerate.framework */,
				1058C7A0FEA54F0111CA2CBB /* Linked Frameworks */,
				1058C7A2FEA54F0111CA2CBB /* Other Frameworks */,
			);
			name = Frameworks;
			sourceTree = "<group>";
		};
		F92ABB6E0DCE2DB600F82452 /* FileView classes */ = {
			isa = PBXGroup;
			children = (
				F9EAE5BF0E5106C600143F22 /* FVAllocator.h */,
				F9EAE5C00E5106C600143F22 /* FVAllocator.m */,
				F9EAE5C10E5106C600143F22 /* FVObject.h */,
				F9EAE5C20E5106C600143F22 /* FVObject.m */,
				F9105FD30D8DE6D200AC32D1 /* FVImageBuffer.h */,
				F9105FD40D8DE6D200AC32D1 /* FVImageBuffer.m */,
				F9A812E30D863113000114B0 /* FVBitmapContext.h */,
				F9A812E40D863113000114B0 /* FVBitmapContext.m */,
				F9A812E50D863113000114B0 /* FVUtilities.h */,
				F9A812E60D863113000114B0 /* FVUtilities.m */,
				F9A812B40D862CD1000114B0 /* FVCGImageUtilities.h */,
				F9A812B50D862CD1000114B0 /* FVCGImageUtilities.mm */,
			);
			name = "FileView classes";
			sourceTree = "<group>";
		};
/* End PBXGroup section */

/* Begin PBXNativeTarget section */
		8D1107260486CEB800E47090 /* ImageShear */ = {
			isa = PBXNativeTarget;
			buildConfigurationList = C01FCF4A08A954540054247B /* Build configuration list for PBXNativeTarget "ImageShear" */;
			buildPhases = (
				8D1107290486CEB800E47090 /* Resources */,
				8D11072C0486CEB800E47090 /* Sources */,
				8D11072E0486CEB800E47090 /* Frameworks */,
			);
			buildRules = (
			);
			dependencies = (
			);
			name = ImageShear;
			productInstallPath = "$(HOME)/Applications";
			productName = ImageShear;
			productReference = 8D1107320486CEB800E47090 /* ImageShear.app */;
			productType = "com.apple.product-type.application";
		};
/* End PBXNativeTarget section */

/* Begin PBXProject section */
		29B97313FDCFA39411CA2CEA /* Project object */ = {
			isa = PBXProject;
			buildConfigurationList = C01FCF4E08A954540054247B /* Build configuration list for PBXProject "ImageShear" */;
			compatibilityVersion = "Xcode 3.0";
			developmentRegion = English;
			hasScannedForEncodings = 1;
			knownRegions = (
				English,
				Japanese,
				French,
				German,
			);
			mainGroup = 29B97314FDCFA39411CA2CEA /* ImageShear */;
			projectDirPath = "";
			projectRoot = ..;
			targets = (
				8D1107260486CEB800E47090 /* ImageShear */,
			);
		};
/* End PBXProject section */

/* Begin PBXResourcesBuildPhase section */
		8D1107290486CEB800E47090 /* Resources */ = {
			isa = PBXResourcesBuildPhase;
			buildActionMask = 2147483647;
			files = (
				8D11072B0486CEB800E47090 /* InfoPlist.strings in Resources */,
				F92AB6380DCCE6B100F82452 /* MainMenu.xib in Resources */,
				F99C0A950E1EC5E4003255C7 /* Debug.xcconfig in Resources */,
				F99C0A960E1EC5E4003255C7 /* Release.xcconfig in Resources */,
			);
			runOnlyForDeploymentPostprocessing = 0;
		};
/* End PBXResourcesBuildPhase section */

/* Begin PBXSourcesBuildPhase section */
		8D11072C0486CEB800E47090 /* Sources */ = {
			isa = PBXSourcesBuildPhase;
			buildActionMask = 2147483647;
			files = (
				8D11072D0486CEB800E47090 /* main.m in Sources */,
				F9A812B60D862CD1000114B0 /* FVCGImageUtilities.mm in Sources */,
				F9A812B90D862CE6000114B0 /* Controller.m in Sources */,
				F9A812E70D863113000114B0 /* FVBitmapContext.m in Sources */,
				F9A812E80D863113000114B0 /* FVUtilities.m in Sources */,
				F9105FD50D8DE6D200AC32D1 /* FVImageBuffer.m in Sources */,
				F92ABB690DCE2D3100F82452 /* FVImageView.m in Sources */,
				F9EAE5C30E5106C600143F22 /* FVAllocator.m in Sources */,
				F9EAE5C40E5106C600143F22 /* FVObject.m in Sources */,
				F91ED7940F9F72980015A608 /* fv_zone.cpp in Sources */,
			);
			runOnlyForDeploymentPostprocessing = 0;
		};
/* End PBXSourcesBuildPhase section */

/* Begin PBXVariantGroup section */
		089C165CFE840E0CC02AAC07 /* InfoPlist.strings */ = {
			isa = PBXVariantGroup;
			children = (
				089C165DFE840E0CC02AAC07 /* English */,
			);
			name = InfoPlist.strings;
			sourceTree = "<group>";
		};
		F92AB6360DCCE6B100F82452 /* MainMenu.xib */ = {
			isa = PBXVariantGroup;
			children = (
				F92AB6370DCCE6B100F82452 /* English */,
			);
			name = MainMenu.xib;
			sourceTree = "<group>";
		};
/* End PBXVariantGroup section */

/* Begin XCBuildConfiguration section */
		C01FCF4B08A954540054247B /* Debug */ = {
			isa = XCBuildConfiguration;
			baseConfigurationReference = F99C0A930E1EC5E4003255C7 /* Debug.xcconfig */;
			buildSettings = {
				GCC_ENABLE_FIX_AND_CONTINUE = YES;
				GCC_PREFIX_HEADER = "$(SOURCE_ROOT)/../FileView_Prefix.pch";
				GCC_PREPROCESSOR_DEFINITIONS = (
					DEBUG,
					IMAGE_SHEAR,
				);
				INFOPLIST_FILE = Info.plist;
				INSTALL_PATH = "$(HOME)/Applications";
				PRODUCT_NAME = ImageShear;
				WRAPPER_EXTENSION = app;
			};
			name = Debug;
		};
		C01FCF4C08A954540054247B /* Release */ = {
			isa = XCBuildConfiguration;
			baseConfigurationReference = F99C0A940E1EC5E4003255C7 /* Release.xcconfig */;
			buildSettings = {
				GCC_PREFIX_HEADER = "$(SOURCE_ROOT)/../FileView_Prefix.pch";
				GCC_PREPROCESSOR_DEFINITIONS = IMAGE_SHEAR;
				INFOPLIST_FILE = Info.plist;
				INSTALL_PATH = "$(HOME)/Applications";
				PRODUCT_NAME = ImageShear;
				WRAPPER_EXTENSION = app;
			};
			name = Release;
		};
		C01FCF4F08A954540054247B /* Debug */ = {
			isa = XCBuildConfiguration;
			baseConfigurationReference = F99C0A930E1EC5E4003255C7 /* Debug.xcconfig */;
			buildSettings = {
				GCC_PREFIX_HEADER = "${SOURCE_ROOT}/../FileView_Prefix.pch";
				PREBINDING = NO;
			};
			name = Debug;
		};
		C01FCF5008A954540054247B /* Release */ = {
			isa = XCBuildConfiguration;
			baseConfigurationReference = F99C0A940E1EC5E4003255C7 /* Release.xcconfig */;
			buildSettings = {
				GCC_PREFIX_HEADER = "${SOURCE_ROOT}/../FileView_Prefix.pch";
				PREBINDING = NO;
			};
			name = Release;
		};
/* End XCBuildConfiguration section */

/* Begin XCConfigurationList section */
		C01FCF4A08A954540054247B /* Build configuration list for PBXNativeTarget "ImageShear" */ = {
			isa = XCConfigurationList;
			buildConfigurations = (
				C01FCF4B08A954540054247B /* Debug */,
				C01FCF4C08A954540054247B /* Release */,
			);
			defaultConfigurationIsVisible = 0;
			defaultConfigurationName = Release;
		};
		C01FCF4E08A954540054247B /* Build configuration list for PBXProject "ImageShear" */ = {
			isa = XCConfigurationList;
			buildConfigurations = (
				C01FCF4F08A954540054247B /* Debug */,
				C01FCF5008A954540054247B /* Release */,
			);
			defaultConfigurationIsVisible = 0;
			defaultConfigurationName = Release;
		};
/* End XCConfigurationList section */
	};
	rootObject = 29B97313FDCFA39411CA2CEA /* Project object */;
}
