// !$*UTF8*$!
{
	archiveVersion = 1;
	classes = {
	};
	objectVersion = 45;
	objects = {

/* Begin PBXBuildFile section */
		1DDD58160DA1D0A300B32029 /* MainMenu.xib in Resources */ = {isa = PBXBuildFile; fileRef = 1DDD58140DA1D0A300B32029 /* MainMenu.xib */; };
		8D11072B0486CEB800E47090 /* InfoPlist.strings in Resources */ = {isa = PBXBuildFile; fileRef = 089C165CFE840E0CC02AAC07 /* InfoPlist.strings */; };
		8D11072D0486CEB800E47090 /* main.m in Sources */ = {isa = PBXBuildFile; fileRef = 29B97316FDCFA39411CA2CEA /* main.m */; settings = {ATTRIBUTES = (); }; };
		8D11072F0486CEB800E47090 /* Cocoa.framework in Frameworks */ = {isa = PBXBuildFile; fileRef = 1058C7A1FEA54F0111CA2CBB /* Cocoa.framework */; };
		F9220ED40E19D102006B974D /* Controller.m in Sources */ = {isa = PBXBuildFile; fileRef = F9220ED30E19D102006B974D /* Controller.m */; };
		F98218580E1B37D900660987 /* FileView.framework in CopyFiles */ = {isa = PBXBuildFile; fileRef = F9220FC30E19FE57006B974D /* FileView.framework */; };
		F9E5B73D0E1C5ADE001FA7FD /* FileView.framework in Frameworks */ = {isa = PBXBuildFile; fileRef = F9220FC30E19FE57006B974D /* FileView.framework */; };
/* End PBXBuildFile section */

/* Begin PBXContainerItemProxy section */
		F9220FC20E19FE57006B974D /* PBXContainerItemProxy */ = {
			isa = PBXContainerItemProxy;
			containerPortal = F9220EB10E19D0CB006B974D /* FileView.xcodeproj */;
			proxyType = 2;
			remoteGlobalIDString = 8DC2EF5B0486A6940098B216;
			remoteInfo = FileView;
		};
		F9220FC40E19FE57006B974D /* PBXContainerItemProxy */ = {
			isa = PBXContainerItemProxy;
			containerPortal = F9220EB10E19D0CB006B974D /* FileView.xcodeproj */;
			proxyType = 2;
			remoteGlobalIDString = F94692130CA56F4300AC2772;
			remoteInfo = "FileView-Leopard";
		};
		F9220FC60E19FE57006B974D /* PBXContainerItemProxy */ = {
			isa = PBXContainerItemProxy;
			containerPortal = F9220EB10E19D0CB006B974D /* FileView.xcodeproj */;
			proxyType = 2;
			remoteGlobalIDString = F94692510CA575F000AC2772;
			remoteInfo = "FileView Program";
		};
		F9220FC80E19FE57006B974D /* PBXContainerItemProxy */ = {
			isa = PBXContainerItemProxy;
			containerPortal = F9220EB10E19D0CB006B974D /* FileView.xcodeproj */;
			proxyType = 2;
			remoteGlobalIDString = F9F255FE0E14A3430059A21A;
			remoteInfo = FileViewIBPlugin;
		};
		F9220FCD0E19FEE0006B974D /* PBXContainerItemProxy */ = {
			isa = PBXContainerItemProxy;
			containerPortal = F9220EB10E19D0CB006B974D /* FileView.xcodeproj */;
			proxyType = 1;
			remoteGlobalIDString = F9F04CE10CE260EB00F28ED2;
			remoteInfo = "Framework + Plugins";
		};
/* End PBXContainerItemProxy section */

/* Begin PBXCopyFilesBuildPhase section */
		F982186C0E1B37F200660987 /* CopyFiles */ = {
			isa = PBXCopyFilesBuildPhase;
			buildActionMask = 2147483647;
			dstPath = "";
			dstSubfolderSpec = 10;
			files = (
				F98218580E1B37D900660987 /* FileView.framework in CopyFiles */,
			);
			runOnlyForDeploymentPostprocessing = 0;
		};
/* End PBXCopyFilesBuildPhase section */

/* Begin PBXFileReference section */
		089C165DFE840E0CC02AAC07 /* English */ = {isa = PBXFileReference; fileEncoding = 10; lastKnownFileType = text.plist.strings; name = English; path = English.lproj/InfoPlist.strings; sourceTree = "<group>"; };
		1058C7A1FEA54F0111CA2CBB /* Cocoa.framework */ = {isa = PBXFileReference; lastKnownFileType = wrapper.framework; name = Cocoa.framework; path = /System/Library/Frameworks/Cocoa.framework; sourceTree = "<absolute>"; };
		1DDD58150DA1D0A300B32029 /* English */ = {isa = PBXFileReference; lastKnownFileType = file.xib; name = English; path = English.lproj/MainMenu.xib; sourceTree = "<group>"; };
		29B97316FDCFA39411CA2CEA /* main.m */ = {isa = PBXFileReference; fileEncoding = 4; lastKnownFileType = sourcecode.c.objc; path = main.m; sourceTree = "<group>"; };
		29B97324FDCFA39411CA2CEA /* AppKit.framework */ = {isa = PBXFileReference; lastKnownFileType = wrapper.framework; name = AppKit.framework; path = /System/Library/Frameworks/AppKit.framework; sourceTree = "<absolute>"; };
		29B97325FDCFA39411CA2CEA /* Foundation.framework */ = {isa = PBXFileReference; lastKnownFileType = wrapper.framework; name = Foundation.framework; path = /System/Library/Frameworks/Foundation.framework; sourceTree = "<absolute>"; };
		8D1107310486CEB800E47090 /* Info.plist */ = {isa = PBXFileReference; fileEncoding = 4; lastKnownFileType = text.plist.xml; path = Info.plist; sourceTree = "<group>"; };
		8D1107320486CEB800E47090 /* FVIBPluginTest.app */ = {isa = PBXFileReference; explicitFileType = wrapper.application; includeInIndex = 0; path = FVIBPluginTest.app; sourceTree = BUILT_PRODUCTS_DIR; };
		F9220EB10E19D0CB006B974D /* FileView.xcodeproj */ = {isa = PBXFileReference; lastKnownFileType = "wrapper.pb-project"; name = FileView.xcodeproj; path = ../FileView.xcodeproj; sourceTree = SOURCE_ROOT; };
		F9220ED20E19D102006B974D /* Controller.h */ = {isa = PBXFileReference; fileEncoding = 4; lastKnownFileType = sourcecode.c.h; path = Controller.h; sourceTree = "<group>"; };
		F9220ED30E19D102006B974D /* Controller.m */ = {isa = PBXFileReference; fileEncoding = 4; lastKnownFileType = sourcecode.c.objc; path = Controller.m; sourceTree = "<group>"; };
		F9220FD10E19FF00006B974D /* FileView.framework */ = {isa = PBXFileReference; lastKnownFileType = wrapper.framework; path = FileView.framework; sourceTree = BUILT_PRODUCTS_DIR; };
		F9B143410E1C081C00BA315D /* Debug.xcconfig */ = {isa = PBXFileReference; fileEncoding = 4; lastKnownFileType = text.xcconfig; name = Debug.xcconfig; path = ../Configurations/Debug.xcconfig; sourceTree = "<group>"; };
		F9B143420E1C081C00BA315D /* Release.xcconfig */ = {isa = PBXFileReference; fileEncoding = 4; lastKnownFileType = text.xcconfig; name = Release.xcconfig; path = ../Configurations/Release.xcconfig; sourceTree = "<group>"; };
/* End PBXFileReference section */

/* Begin PBXFrameworksBuildPhase section */
		8D11072E0486CEB800E47090 /* Frameworks */ = {
			isa = PBXFrameworksBuildPhase;
			buildActionMask = 2147483647;
			files = (
				F9E5B73D0E1C5ADE001FA7FD /* FileView.framework in Frameworks */,
				8D11072F0486CEB800E47090 /* Cocoa.framework in Frameworks */,
			);
			runOnlyForDeploymentPostprocessing = 0;
		};
/* End PBXFrameworksBuildPhase section */

/* Begin PBXGroup section */
		080E96DDFE201D6D7F000001 /* Classes */ = {
			isa = PBXGroup;
			children = (
				F9220ED20E19D102006B974D /* Controller.h */,
				F9220ED30E19D102006B974D /* Controller.m */,
			);
			name = Classes;
			sourceTree = "<group>";
		};
		1058C7A0FEA54F0111CA2CBB /* Linked Frameworks */ = {
			isa = PBXGroup;
			children = (
				F9220FD10E19FF00006B974D /* FileView.framework */,
				1058C7A1FEA54F0111CA2CBB /* Cocoa.framework */,
			);
			name = "Linked Frameworks";
			sourceTree = "<group>";
		};
		1058C7A2FEA54F0111CA2CBB /* Other Frameworks */ = {
			isa = PBXGroup;
			children = (
				29B97324FDCFA39411CA2CEA /* AppKit.framework */,
				29B97325FDCFA39411CA2CEA /* Foundation.framework */,
			);
			name = "Other Frameworks";
			sourceTree = "<group>";
		};
		19C28FACFE9D520D11CA2CBB /* Products */ = {
			isa = PBXGroup;
			children = (
				8D1107320486CEB800E47090 /* FVIBPluginTest.app */,
			);
			name = Products;
			sourceTree = "<group>";
		};
		29B97314FDCFA39411CA2CEA /* FVIBPluginTest */ = {
			isa = PBXGroup;
			children = (
				F9B143410E1C081C00BA315D /* Debug.xcconfig */,
				F9B143420E1C081C00BA315D /* Release.xcconfig */,
				080E96DDFE201D6D7F000001 /* Classes */,
				29B97315FDCFA39411CA2CEA /* Other Sources */,
				29B97317FDCFA39411CA2CEA /* Resources */,
				29B97323FDCFA39411CA2CEA /* Frameworks */,
				19C28FACFE9D520D11CA2CBB /* Products */,
				F9220EB10E19D0CB006B974D /* FileView.xcodeproj */,
			);
			name = FVIBPluginTest;
			sourceTree = "<group>";
		};
		29B97315FDCFA39411CA2CEA /* Other Sources */ = {
			isa = PBXGroup;
			children = (
				29B97316FDCFA39411CA2CEA /* main.m */,
			);
			name = "Other Sources";
			sourceTree = "<group>";
		};
		29B97317FDCFA39411CA2CEA /* Resources */ = {
			isa = PBXGroup;
			children = (
				8D1107310486CEB800E47090 /* Info.plist */,
				089C165CFE840E0CC02AAC07 /* InfoPlist.strings */,
				1DDD58140DA1D0A300B32029 /* MainMenu.xib */,
			);
			name = Resources;
			sourceTree = "<group>";
		};
		29B97323FDCFA39411CA2CEA /* Frameworks */ = {
			isa = PBXGroup;
			children = (
				1058C7A0FEA54F0111CA2CBB /* Linked Frameworks */,
				1058C7A2FEA54F0111CA2CBB /* Other Frameworks */,
			);
			name = Frameworks;
			sourceTree = "<group>";
		};
		F9220FBB0E19FE57006B974D /* Products */ = {
			isa = PBXGroup;
			children = (
				F9220FC30E19FE57006B974D /* FileView.framework */,
				F9220FC50E19FE57006B974D /* FileView-Leopard.bundle */,
				F9220FC70E19FE57006B974D /* FileView Program.app */,
				F9220FC90E19FE57006B974D /* FileViewIBPlugin.ibplugin */,
			);
			name = Products;
			sourceTree = "<group>";
		};
/* End PBXGroup section */

/* Begin PBXNativeTarget section */
		8D1107260486CEB800E47090 /* FVIBPluginTest */ = {
			isa = PBXNativeTarget;
			buildConfigurationList = C01FCF4A08A954540054247B /* Build configuration list for PBXNativeTarget "FVIBPluginTest" */;
			buildPhases = (
				8D1107290486CEB800E47090 /* Resources */,
				8D11072C0486CEB800E47090 /* Sources */,
				8D11072E0486CEB800E47090 /* Frameworks */,
				F982186C0E1B37F200660987 /* CopyFiles */,
				F9220EAE0E19D09A006B974D /* ShellScript */,
			);
			buildRules = (
			);
			dependencies = (
				F9220FCE0E19FEE0006B974D /* PBXTargetDependency */,
			);
			name = FVIBPluginTest;
			productInstallPath = "$(HOME)/Applications";
			productName = FVIBPluginTest;
			productReference = 8D1107320486CEB800E47090 /* FVIBPluginTest.app */;
			productType = "com.apple.product-type.application";
		};
/* End PBXNativeTarget section */

/* Begin PBXProject section */
		29B97313FDCFA39411CA2CEA /* Project object */ = {
			isa = PBXProject;
			buildConfigurationList = C01FCF4E08A954540054247B /* Build configuration list for PBXProject "FVIBPluginTest" */;
			compatibilityVersion = "Xcode 3.1";
			hasScannedForEncodings = 1;
			mainGroup = 29B97314FDCFA39411CA2CEA /* FVIBPluginTest */;
			projectDirPath = "";
			projectReferences = (
				{
					ProductGroup = F9220FBB0E19FE57006B974D /* Products */;
					ProjectRef = F9220EB10E19D0CB006B974D /* FileView.xcodeproj */;
				},
			);
			projectRoot = "";
			targets = (
				8D1107260486CEB800E47090 /* FVIBPluginTest */,
			);
		};
/* End PBXProject section */

/* Begin PBXReferenceProxy section */
		F9220FC30E19FE57006B974D /* FileView.framework */ = {
			isa = PBXReferenceProxy;
			fileType = wrapper.framework;
			path = FileView.framework;
			remoteRef = F9220FC20E19FE57006B974D /* PBXContainerItemProxy */;
			sourceTree = BUILT_PRODUCTS_DIR;
		};
		F9220FC50E19FE57006B974D /* FileView-Leopard.bundle */ = {
			isa = PBXReferenceProxy;
			fileType = wrapper.cfbundle;
			path = "FileView-Leopard.bundle";
			remoteRef = F9220FC40E19FE57006B974D /* PBXContainerItemProxy */;
			sourceTree = BUILT_PRODUCTS_DIR;
		};
		F9220FC70E19FE57006B974D /* FileView Program.app */ = {
			isa = PBXReferenceProxy;
			fileType = wrapper.application;
			path = "FileView Program.app";
			remoteRef = F9220FC60E19FE57006B974D /* PBXContainerItemProxy */;
			sourceTree = BUILT_PRODUCTS_DIR;
		};
		F9220FC90E19FE57006B974D /* FileViewIBPlugin.ibplugin */ = {
			isa = PBXReferenceProxy;
			fileType = wrapper.cfbundle;
			path = FileViewIBPlugin.ibplugin;
			remoteRef = F9220FC80E19FE57006B974D /* PBXContainerItemProxy */;
			sourceTree = BUILT_PRODUCTS_DIR;
		};
/* End PBXReferenceProxy section */

/* Begin PBXResourcesBuildPhase section */
		8D1107290486CEB800E47090 /* Resources */ = {
			isa = PBXResourcesBuildPhase;
			buildActionMask = 2147483647;
			files = (
				8D11072B0486CEB800E47090 /* InfoPlist.strings in Resources */,
				1DDD58160DA1D0A300B32029 /* MainMenu.xib in Resources */,
			);
			runOnlyForDeploymentPostprocessing = 0;
		};
/* End PBXResourcesBuildPhase section */

/* Begin PBXShellScriptBuildPhase section */
		F9220EAE0E19D09A006B974D /* ShellScript */ = {
			isa = PBXShellScriptBuildPhase;
			buildActionMask = 2147483647;
			files = (
			);
			inputPaths = (
			);
			outputPaths = (
			);
			runOnlyForDeploymentPostprocessing = 0;
			shellPath = /bin/sh;
			shellScript = "/usr/bin/install_name_tool -change \\\n'@loader_path/../../../../../../../FileView.framework/Versions/A/FileView' \\\n'@executable_path/../Frameworks/FileView.framework/Versions/A/FileView'   \\\n\"${BUILT_PRODUCTS_DIR}/${EXECUTABLE_PATH}\"";
		};
/* End PBXShellScriptBuildPhase section */

/* Begin PBXSourcesBuildPhase section */
		8D11072C0486CEB800E47090 /* Sources */ = {
			isa = PBXSourcesBuildPhase;
			buildActionMask = 2147483647;
			files = (
				8D11072D0486CEB800E47090 /* main.m in Sources */,
				F9220ED40E19D102006B974D /* Controller.m in Sources */,
			);
			runOnlyForDeploymentPostprocessing = 0;
		};
/* End PBXSourcesBuildPhase section */

/* Begin PBXTargetDependency section */
		F9220FCE0E19FEE0006B974D /* PBXTargetDependency */ = {
			isa = PBXTargetDependency;
			name = "Framework + Plugins";
			targetProxy = F9220FCD0E19FEE0006B974D /* PBXContainerItemProxy */;
		};
/* End PBXTargetDependency section */

/* Begin PBXVariantGroup section */
		089C165CFE840E0CC02AAC07 /* InfoPlist.strings */ = {
			isa = PBXVariantGroup;
			children = (
				089C165DFE840E0CC02AAC07 /* English */,
			);
			name = InfoPlist.strings;
			sourceTree = "<group>";
		};
		1DDD58140DA1D0A300B32029 /* MainMenu.xib */ = {
			isa = PBXVariantGroup;
			children = (
				1DDD58150DA1D0A300B32029 /* English */,
			);
			name = MainMenu.xib;
			sourceTree = "<group>";
		};
/* End PBXVariantGroup section */

/* Begin XCBuildConfiguration section */
		C01FCF4B08A954540054247B /* Debug */ = {
			isa = XCBuildConfiguration;
			baseConfigurationReference = F9B143410E1C081C00BA315D /* Debug.xcconfig */;
			buildSettings = {
				COPY_PHASE_STRIP = NO;
				FRAMEWORK_SEARCH_PATHS = (
					"$(inherited)",
					"\"$(SRCROOT)/../../../../../../../BuildProducts/Debug\"",
					"\"$(DEVELOPER_FRAMEWORKS_DIR)\"",
				);
				GCC_DYNAMIC_NO_PIC = NO;
				GCC_ENABLE_FIX_AND_CONTINUE = YES;
				GCC_PREFIX_HEADER = "$(SOURCE_ROOT)/../FileView_Prefix.pch";
				INFOPLIST_FILE = Info.plist;
				INSTALL_PATH = "$(HOME)/Applications";
				PRODUCT_NAME = FVIBPluginTest;
			};
			name = Debug;
		};
		C01FCF4C08A954540054247B /* Release */ = {
			isa = XCBuildConfiguration;
			baseConfigurationReference = F9B143420E1C081C00BA315D /* Release.xcconfig */;
			buildSettings = {
				GCC_PREFIX_HEADER = "$(SOURCE_ROOT)/../FileView_Prefix.pch";
				INFOPLIST_FILE = Info.plist;
				INSTALL_PATH = "$(HOME)/Applications";
				PRODUCT_NAME = FVIBPluginTest;
			};
			name = Release;
		};
		C01FCF4F08A954540054247B /* Debug */ = {
			isa = XCBuildConfiguration;
			baseConfigurationReference = F9B143410E1C081C00BA315D /* Debug.xcconfig */;
			buildSettings = {
				GCC_PREFIX_HEADER = "$(SOURCE_ROOT)/../FileView_Prefix.pch";
			};
			name = Debug;
		};
		C01FCF5008A954540054247B /* Release */ = {
			isa = XCBuildConfiguration;
			baseConfigurationReference = F9B143420E1C081C00BA315D /* Release.xcconfig */;
			buildSettings = {
				GCC_PREFIX_HEADER = "$(SOURCE_ROOT)/../FileView_Prefix.pch";
			};
			name = Release;
		};
/* End XCBuildConfiguration section */

/* Begin XCConfigurationList section */
		C01FCF4A08A954540054247B /* Build configuration list for PBXNativeTarget "FVIBPluginTest" */ = {
			isa = XCConfigurationList;
			buildConfigurations = (
				C01FCF4B08A954540054247B /* Debug */,
				C01FCF4C08A954540054247B /* Release */,
			);
			defaultConfigurationIsVisible = 0;
			defaultConfigurationName = Release;
		};
		C01FCF4E08A954540054247B /* Build configuration list for PBXProject "FVIBPluginTest" */ = {
			isa = XCConfigurationList;
			buildConfigurations = (
				C01FCF4F08A954540054247B /* Debug */,
				C01FCF5008A954540054247B /* Release */,
			);
			defaultConfigurationIsVisible = 0;
			defaultConfigurationName = Release;
		};
/* End XCConfigurationList section */
	};
	rootObject = 29B97313FDCFA39411CA2CEA /* Project object */;
}
